
Microsoft Visual Studio Solution File, Format Version 12.00
# Visual Studio 15
VisualStudioVersion = 15.0.27130.2036
MinimumVisualStudioVersion = 10.0.40219.1
Project("{9A19103F-16F7-4668-BE54-9A1E7A4F7556}") = "QuotationAPI", "QoutationAPI\QuotationAPI.csproj", "{6B5AC003-2119-4555-8597-C23ACAD3049B}"
EndProject
Global
	GlobalSection(SolutionConfigurationPlatforms) = preSolution
		Debug|Any CPU = Debug|Any CPU
		Release|Any CPU = Release|Any CPU
	EndGlobalSection
	GlobalSection(ProjectConfigurationPlatforms) = postSolution
		{6B5AC003-2119-4555-8597-C23ACAD3049B}.Debug|Any CPU.ActiveCfg = Debug|Any CPU
		{6B5AC003-2119-4555-8597-C23ACAD3049B}.Debug|Any CPU.Build.0 = Debug|Any CPU
		{6B5AC003-2119-4555-8597-C23ACAD3049B}.Release|Any CPU.ActiveCfg = Release|Any CPU
		{6B5AC003-2119-4555-8597-C23ACAD3049B}.Release|Any CPU.Build.0 = Release|Any CPU
	EndGlobalSection
	GlobalSection(SolutionProperties) = preSolution
		HideSolutionNode = FALSE
	EndGlobalSection
	GlobalSection(ExtensibilityGlobals) = postSolution
		SolutionGuid = {2B8FE99B-79D9-4B86-8A06-8827933D3799}
	EndGlobalSection
EndGlobal
